<?xml version="1.0" encoding="utf-8"?>
<Project ToolsVersion="4.0" xmlns="http://schemas.microsoft.com/developer/msbuild/2003">
  <ItemGroup>
    <Filter Include="Source Files">
      <UniqueIdentifier>{4FC737F1-C7A5-4376-A066-2A32D752A2FF}</UniqueIdentifier>
      <Extensions>cpp;cxx;c;def</Extensions>
    </Filter>
    <Filter Include="Header Files">
      <UniqueIdentifier>{93995380-89BD-4b04-88EB-625FBE52EBFB}</UniqueIdentifier>
      <Extensions>h</Extensions>
    </Filter>
    <Filter Include="Form Files">
      <UniqueIdentifier>{99349809-55BA-4b9d-BF79-8FDBB0286EB3}</UniqueIdentifier>
      <Extensions>ui</Extensions>
    </Filter>
    <Filter Include="Resource Files">
      <UniqueIdentifier>{D9D6E242-F8AF-46E4-B9FD-80ECBC20BA3E}</UniqueIdentifier>
      <Extensions>qrc;*</Extensions>
      <ParseFiles>false</ParseFiles>
    </Filter>
    <Filter Include="Generated Files">
      <UniqueIdentifier>{71ED8ED8-ACB9-4CE9-BBE1-E00B30144E11}</UniqueIdentifier>
      <Extensions>moc;h;cpp</Extensions>
      <SourceControlFiles>False</SourceControlFiles>
    </Filter>
    <Filter Include="Generated Files\Debug">
      <UniqueIdentifier>{db4c1bed-e00b-4a60-abee-dc4dd1023d0e}</UniqueIdentifier>
      <Extensions>cpp;moc</Extensions>
      <SourceControlFiles>False</SourceControlFiles>
    </Filter>
    <Filter Include="Generated Files\Release">
      <UniqueIdentifier>{200efa75-e8f0-4394-a96c-8d8be144569d}</UniqueIdentifier>
      <Extensions>cpp;moc</Extensions>
      <SourceControlFiles>False</SourceControlFiles>
    </Filter>
  </ItemGroup>
  <ItemGroup>
    <ClCompile Include="main.cpp">
      <Filter>Source Files</Filter>
    </ClCompile>
    <ClCompile Include="GeneratedFiles\qrc_imgtest.cpp">
      <Filter>Generated Files</Filter>
    </ClCompile>
    <ClCompile Include="GeneratedFiles\Debug\moc_UIImgTest.cpp">
      <Filter>Generated Files\Debug</Filter>
    </ClCompile>
    <ClCompile Include="GeneratedFiles\Release\moc_UIImgTest.cpp">
      <Filter>Generated Files\Release</Filter>
    </ClCompile>
    <ClCompile Include="UIImgTest.cpp">
      <Filter>Source Files</Filter>
    </ClCompile>
    <ClCompile Include="GeneratedFiles\Debug\moc_MapCanvas.cpp">
      <Filter>Generated Files\Debug</Filter>
    </ClCompile>
    <ClCompile Include="GeneratedFiles\Release\moc_MapCanvas.cpp">
      <Filter>Generated Files\Release</Filter>
    </ClCompile>
    <ClCompile Include="MapCanvas.cpp">
      <Filter>Source Files</Filter>
    </ClCompile>
    <ClCompile Include="DistanceAlgorithmClient.cpp">
      <Filter>Source Files</Filter>
    </ClCompile>
    <ClCompile Include="GeneratedFiles\Debug\moc_DistanceAlgorithmClient.cpp">
      <Filter>Generated Files\Debug</Filter>
    </ClCompile>
    <ClCompile Include="GeneratedFiles\Release\moc_DistanceAlgorithmClient.cpp">
      <Filter>Generated Files\Release</Filter>
    </ClCompile>
    <ClCompile Include="ClassificationClient.cpp">
      <Filter>Source Files</Filter>
    </ClCompile>
    <ClCompile Include="SvmClasssificationDialog.cpp">
      <Filter>Source Files</Filter>
    </ClCompile>
    <ClCompile Include="GeneratedFiles\Debug\moc_SvmClasssificationDialog.cpp">
      <Filter>Generated Files\Debug</Filter>
    </ClCompile>
    <ClCompile Include="GeneratedFiles\Release\moc_SvmClasssificationDialog.cpp">
      <Filter>Generated Files\Release</Filter>
    </ClCompile>
    <ClCompile Include="MyProgressBar.cpp">
      <Filter>Source Files</Filter>
    </ClCompile>
    <ClCompile Include="GeneratedFiles\Debug\moc_MyProgressBar.cpp">
      <Filter>Generated Files\Debug</Filter>
    </ClCompile>
    <ClCompile Include="GeneratedFiles\Release\moc_MyProgressBar.cpp">
      <Filter>Generated Files\Release</Filter>
    </ClCompile>
    <ClCompile Include="GeocorrectClient.cpp">
      <Filter>Source Files</Filter>
    </ClCompile>
    <ClCompile Include="GeneratedFiles\Debug\moc_GeocorrectClient.cpp">
      <Filter>Generated Files\Debug</Filter>
    </ClCompile>
    <ClCompile Include="GeneratedFiles\Release\moc_GeocorrectClient.cpp">
      <Filter>Generated Files\Release</Filter>
    </ClCompile>
    <ClCompile Include="Feature.cpp">
      <Filter>Source Files</Filter>
    </ClCompile>
    <ClCompile Include="GRAppBase.cpp">
      <Filter>Source Files</Filter>
    </ClCompile>
    <ClCompile Include="GRPoint.cpp">
      <Filter>Source Files</Filter>
    </ClCompile>
    <ClCompile Include="GRMapLayer.cpp">
      <Filter>Source Files</Filter>
    </ClCompile>
    <ClCompile Include="GRRect.cpp">
      <Filter>Source Files</Filter>
    </ClCompile>
    <ClCompile Include="GRApp.cpp">
      <Filter>Source Files</Filter>
    </ClCompile>
    <ClCompile Include="GeneratedFiles\Debug\moc_GRApp.cpp">
      <Filter>Generated Files\Debug</Filter>
    </ClCompile>
    <ClCompile Include="GeneratedFiles\Release\moc_GRApp.cpp">
      <Filter>Generated Files\Release</Filter>
    </ClCompile>
    <ClCompile Include="GeneratedFiles\Debug\moc_GRInterface.cpp">
      <Filter>Generated Files\Debug</Filter>
    </ClCompile>
    <ClCompile Include="GeneratedFiles\Release\moc_GRInterface.cpp">
      <Filter>Generated Files\Release</Filter>
    </ClCompile>
    <ClCompile Include="GRIface.cpp">
      <Filter>Source Files</Filter>
    </ClCompile>
    <ClCompile Include="GRLegend.cpp">
      <Filter>Source Files</Filter>
    </ClCompile>
    <ClCompile Include="GeneratedFiles\Debug\moc_GRLegend.cpp">
      <Filter>Generated Files\Debug</Filter>
    </ClCompile>
    <ClCompile Include="GeneratedFiles\Release\moc_GRLegend.cpp">
      <Filter>Generated Files\Release</Filter>
    </ClCompile>
    <ClCompile Include="GeneratedFiles\Debug\moc_GRMapLayer.cpp">
      <Filter>Generated Files\Debug</Filter>
    </ClCompile>
    <ClCompile Include="GeneratedFiles\Release\moc_GRMapLayer.cpp">
      <Filter>Generated Files\Release</Filter>
    </ClCompile>
    <ClCompile Include="GRCoordinateTransform.cpp">
      <Filter>Source Files</Filter>
    </ClCompile>
    <ClCompile Include="GRRenderer.cpp">
      <Filter>Source Files</Filter>
    </ClCompile>
    <ClCompile Include="GRMapCanvas.cpp">
      <Filter>Source Files</Filter>
    </ClCompile>
    <ClCompile Include="GeneratedFiles\Debug\moc_GRMapCanvas.cpp">
      <Filter>Generated Files\Debug</Filter>
    </ClCompile>
    <ClCompile Include="GeneratedFiles\Release\moc_GRMapCanvas.cpp">
      <Filter>Generated Files\Release</Filter>
    </ClCompile>
    <ClCompile Include="GRShapeFileLayer.cpp">
      <Filter>Source Files</Filter>
    </ClCompile>
    <ClCompile Include="GeneratedFiles\Debug\moc_GRShapeFileLayer.cpp">
      <Filter>Generated Files\Debug</Filter>
    </ClCompile>
    <ClCompile Include="GeneratedFiles\Release\moc_GRShapeFileLayer.cpp">
      <Filter>Generated Files\Release</Filter>
    </ClCompile>
    <ClCompile Include="GRSymbol.cpp">
      <Filter>Source Files</Filter>
    </ClCompile>
    <ClCompile Include="GRCustomSymbol.cpp">
      <Filter>Source Files</Filter>
    </ClCompile>
    <ClCompile Include="GRLineSymbol.cpp">
      <Filter>Source Files</Filter>
    </ClCompile>
    <ClCompile Include="GRPolygonSymbol.cpp">
      <Filter>Source Files</Filter>
    </ClCompile>
    <ClCompile Include="GRMarkerSymbol.cpp">
      <Filter>Source Files</Filter>
    </ClCompile>
  </ItemGroup>
  <ItemGroup>
    <CustomBuild Include="imgtest.ui">
      <Filter>Form Files</Filter>
    </CustomBuild>
    <CustomBuild Include="imgtest.qrc">
      <Filter>Resource Files</Filter>
    </CustomBuild>
    <CustomBuild Include="UIImgTest.h">
      <Filter>Header Files</Filter>
    </CustomBuild>
    <CustomBuild Include="MapCanvas.h">
      <Filter>Header Files</Filter>
    </CustomBuild>
    <CustomBuild Include="DistanceAlgorithmClient.h">
      <Filter>Header Files</Filter>
    </CustomBuild>
    <CustomBuild Include="ClassificationClient.h">
      <Filter>Header Files</Filter>
    </CustomBuild>
    <CustomBuild Include="svmParaDialog.ui">
      <Filter>Form Files</Filter>
    </CustomBuild>
    <CustomBuild Include="SvmClasssificationDialog.h">
      <Filter>Header Files</Filter>
    </CustomBuild>
    <CustomBuild Include="ProgressDialog.ui">
      <Filter>Form Files</Filter>
    </CustomBuild>
    <CustomBuild Include="MyProgressBar.h">
      <Filter>Header Files</Filter>
    </CustomBuild>
    <CustomBuild Include="GeocorrectClient.h">
      <Filter>Header Files</Filter>
    </CustomBuild>
    <CustomBuild Include="GRApp.h">
      <Filter>Header Files</Filter>
    </CustomBuild>
    <CustomBuild Include="GRInterface.h">
      <Filter>Header Files</Filter>
    </CustomBuild>
    <CustomBuild Include="GRIface.h">
      <Filter>Header Files</Filter>
    </CustomBuild>
    <CustomBuild Include="GRAppBase.ui">
      <Filter>Form Files</Filter>
    </CustomBuild>
    <CustomBuild Include="GRLegend.h">
      <Filter>Header Files</Filter>
    </CustomBuild>
    <CustomBuild Include="GRMapLayer.h">
      <Filter>Header Files</Filter>
    </CustomBuild>
    <CustomBuild Include="GRMapCanvas.h">
      <Filter>Header Files</Filter>
    </CustomBuild>
    <CustomBuild Include="GRShapeFileLayer.h">
      <Filter>Header Files</Filter>
    </CustomBuild>
    <CustomBuild Include="GRAbout.ui">
      <Filter>Form Files</Filter>
    </CustomBuild>
    <CustomBuild Include="GRAttributeTableBase.ui">
      <Filter>Form Files</Filter>
    </CustomBuild>
    <CustomBuild Include="GRIdentifyResultBase.ui">
      <Filter>Form Files</Filter>
    </CustomBuild>
    <CustomBuild Include="GRLayerPropertiesBase.ui">
      <Filter>Form Files</Filter>
    </CustomBuild>
    <CustomBuild Include="GRLegendItemBase.ui">
      <Filter>Form Files</Filter>
    </CustomBuild>
    <CustomBuild Include="GRMessageViewer.ui">
      <Filter>Form Files</Filter>
    </CustomBuild>
    <CustomBuild Include="GRNewConnectionBase.ui">
      <Filter>Form Files</Filter>
    </CustomBuild>
    <CustomBuild Include="GRPluginManagerBase.ui">
      <Filter>Form Files</Filter>
    </CustomBuild>
    <CustomBuild Include="MapCanvas.ui">
      <Filter>Form Files</Filter>
    </CustomBuild>
  </ItemGroup>
  <ItemGroup>
    <ClInclude Include="GeneratedFiles\ui_imgtest.h">
      <Filter>Generated Files</Filter>
    </ClInclude>
    <ClInclude Include="GeneratedFiles\ui_svmParaDialog.h">
      <Filter>Generated Files</Filter>
    </ClInclude>
    <ClInclude Include="GeneratedFiles\ui_ProgressDialog.h">
      <Filter>Generated Files</Filter>
    </ClInclude>
    <ClInclude Include="Feature.h">
      <Filter>Header Files</Filter>
    </ClInclude>
    <ClInclude Include="Global.h">
      <Filter>Header Files</Filter>
    </ClInclude>
    <ClInclude Include="GRAppBase.h">
      <Filter>Header Files</Filter>
    </ClInclude>
    <ClInclude Include="GRPoint.h">
      <Filter>Header Files</Filter>
    </ClInclude>
    <ClInclude Include="GRRect.h">
      <Filter>Header Files</Filter>
    </ClInclude>
    <ClInclude Include="GeneratedFiles\ui_GRAppBase.h">
      <Filter>Generated Files</Filter>
    </ClInclude>
    <ClInclude Include="GRCoordinateTransform.h">
      <Filter>Header Files</Filter>
    </ClInclude>
    <ClInclude Include="GRDataSource.h">
      <Filter>Header Files</Filter>
    </ClInclude>
    <ClInclude Include="GRTable.h">
      <Filter>Header Files</Filter>
    </ClInclude>
    <ClInclude Include="GRRenderer.h">
      <Filter>Header Files</Filter>
    </ClInclude>
    <ClInclude Include="GRSymbol.h">
      <Filter>Header Files</Filter>
    </ClInclude>
    <ClInclude Include="GRCustomSymbol.h">
      <Filter>Header Files</Filter>
    </ClInclude>
    <ClInclude Include="GRLineSymbol.h">
      <Filter>Header Files</Filter>
    </ClInclude>
    <ClInclude Include="GRPolygonSymbol.h">
      <Filter>Header Files</Filter>
    </ClInclude>
    <ClInclude Include="GRMarkerSymbol.h">
      <Filter>Header Files</Filter>
    </ClInclude>
    <ClInclude Include="GeneratedFiles\ui_GRAbout.h">
      <Filter>Generated Files</Filter>
    </ClInclude>
    <ClInclude Include="GeneratedFiles\ui_GRAttributeTableBase.h">
      <Filter>Generated Files</Filter>
    </ClInclude>
    <ClInclude Include="GeneratedFiles\ui_GRIdentifyResultBase.h">
      <Filter>Generated Files</Filter>
    </ClInclude>
    <ClInclude Include="GeneratedFiles\ui_GRLayerPropertiesBase.h">
      <Filter>Generated Files</Filter>
    </ClInclude>
    <ClInclude Include="GeneratedFiles\ui_GRLegendItemBase.h">
      <Filter>Generated Files</Filter>
    </ClInclude>
    <ClInclude Include="GeneratedFiles\ui_GRMessageViewer.h">
      <Filter>Generated Files</Filter>
    </ClInclude>
    <ClInclude Include="GeneratedFiles\ui_GRNewConnectionBase.h">
      <Filter>Generated Files</Filter>
    </ClInclude>
    <ClInclude Include="GeneratedFiles\ui_GRPluginManagerBase.h">
      <Filter>Generated Files</Filter>
    </ClInclude>
    <ClInclude Include="GeneratedFiles\ui_MapCanvas.h">
      <Filter>Generated Files</Filter>
    </ClInclude>
  </ItemGroup>
  <ItemGroup>
    <ResourceCompile Include="ImgTest.rc" />
  </ItemGroup>
</Project>